
Microsoft Visual Studio Solution File, Format Version 12.00
# Visual Studio 15
VisualStudioVersion = 15.0.28307.271
MinimumVisualStudioVersion = 10.0.40219.1
Project("{FAE04EC0-301F-11D3-BF4B-00C04F79EFBC}") = "HW0506_WatchLoggerQ9", "HW0506_WatchLoggerQ9\HW0506_WatchLoggerQ9.csproj", "{16A43BD6-0BEE-4872-8996-720B873DDF88}"
EndProject
Global
	GlobalSection(SolutionConfigurationPlatforms) = preSolution
		Debug|Any CPU = Debug|Any CPU
		Release|Any CPU = Release|Any CPU
	EndGlobalSection
	GlobalSection(ProjectConfigurationPlatforms) = postSolution
		{16A43BD6-0BEE-4872-8996-720B873DDF88}.Debug|Any CPU.ActiveCfg = Debug|Any CPU
		{16A43BD6-0BEE-4872-8996-720B873DDF88}.Debug|Any CPU.Build.0 = Debug|Any CPU
		{16A43BD6-0BEE-4872-8996-720B873DDF88}.Release|Any CPU.ActiveCfg = Release|Any CPU
		{16A43BD6-0BEE-4872-8996-720B873DDF88}.Release|Any CPU.Build.0 = Release|Any CPU
	EndGlobalSection
	GlobalSection(SolutionProperties) = preSolution
		HideSolutionNode = FALSE
	EndGlobalSection
	GlobalSection(ExtensibilityGlobals) = postSolution
		SolutionGuid = {62F81E81-69B6-4D4D-B413-11FAE23CE0EE}
	EndGlobalSection
EndGlobal
